// !$*UTF8*$!
{
	archiveVersion = 1;
	classes = {
	};
	objectVersion = 46;
	objects = {

/* Begin PBXBuildFile section */
		2670E47D1B8CD2220030CB4D /* EnumSkyConditions.swift in Sources */ = {isa = PBXBuildFile; fileRef = 2670E47C1B8CD2220030CB4D /* EnumSkyConditions.swift */; };
		268E3FE41B9AF9C4005E8B7B /* Wetsuits.swift in Sources */ = {isa = PBXBuildFile; fileRef = 268E3FE31B9AF9C4005E8B7B /* Wetsuits.swift */; };
		26A84C751B8BAA05004B6C20 /* vcSessionEntry.swift in Sources */ = {isa = PBXBuildFile; fileRef = 26A84C741B8BAA05004B6C20 /* vcSessionEntry.swift */; };
		26AB7DBE1B976E6200B51683 /* WetsuitTableViewController.swift in Sources */ = {isa = PBXBuildFile; fileRef = 26AB7DBD1B976E6200B51683 /* WetsuitTableViewController.swift */; };
		26AB7DC01B9772B700B51683 /* vcNewWetsuit.swift in Sources */ = {isa = PBXBuildFile; fileRef = 26AB7DBF1B9772B700B51683 /* vcNewWetsuit.swift */; };
		26F367871B8B63F600D5880A /* AppDelegate.swift in Sources */ = {isa = PBXBuildFile; fileRef = 26F367861B8B63F600D5880A /* AppDelegate.swift */; };
		26F3678A1B8B63F600D5880A /* SurfLogbook.xcdatamodeld in Sources */ = {isa = PBXBuildFile; fileRef = 26F367881B8B63F600D5880A /* SurfLogbook.xcdatamodeld */; };
		26F3678F1B8B63F600D5880A /* Main.storyboard in Resources */ = {isa = PBXBuildFile; fileRef = 26F3678D1B8B63F600D5880A /* Main.storyboard */; };
		26F367911B8B63F600D5880A /* Images.xcassets in Resources */ = {isa = PBXBuildFile; fileRef = 26F367901B8B63F600D5880A /* Images.xcassets */; };
		26F367941B8B63F600D5880A /* LaunchScreen.xib in Resources */ = {isa = PBXBuildFile; fileRef = 26F367921B8B63F600D5880A /* LaunchScreen.xib */; };
		26F367A01B8B63F600D5880A /* SurfLogbookTests.swift in Sources */ = {isa = PBXBuildFile; fileRef = 26F3679F1B8B63F600D5880A /* SurfLogbookTests.swift */; };
/* End PBXBuildFile section */

/* Begin PBXContainerItemProxy section */
		26F3679A1B8B63F600D5880A /* PBXContainerItemProxy */ = {
			isa = PBXContainerItemProxy;
			containerPortal = 26F367791B8B63F600D5880A /* Project object */;
			proxyType = 1;
			remoteGlobalIDString = 26F367801B8B63F600D5880A;
			remoteInfo = SurfLogbook;
		};
/* End PBXContainerItemProxy section */

/* Begin PBXFileReference section */
		2670E47C1B8CD2220030CB4D /* EnumSkyConditions.swift */ = {isa = PBXFileReference; fileEncoding = 4; lastKnownFileType = sourcecode.swift; path = EnumSkyConditions.swift; sourceTree = "<group>"; };
		268E3FE31B9AF9C4005E8B7B /* Wetsuits.swift */ = {isa = PBXFileReference; fileEncoding = 4; lastKnownFileType = sourcecode.swift; path = Wetsuits.swift; sourceTree = "<group>"; };
		26A84C741B8BAA05004B6C20 /* vcSessionEntry.swift */ = {isa = PBXFileReference; fileEncoding = 4; lastKnownFileType = sourcecode.swift; path = vcSessionEntry.swift; sourceTree = "<group>"; };
		26AB7DBD1B976E6200B51683 /* WetsuitTableViewController.swift */ = {isa = PBXFileReference; fileEncoding = 4; lastKnownFileType = sourcecode.swift; path = WetsuitTableViewController.swift; sourceTree = "<group>"; };
		26AB7DBF1B9772B700B51683 /* vcNewWetsuit.swift */ = {isa = PBXFileReference; fileEncoding = 4; lastKnownFileType = sourcecode.swift; path = vcNewWetsuit.swift; sourceTree = "<group>"; };
		26F367811B8B63F600D5880A /* SurfLogbook.app */ = {isa = PBXFileReference; explicitFileType = wrapper.application; includeInIndex = 0; path = SurfLogbook.app; sourceTree = BUILT_PRODUCTS_DIR; };
		26F367851B8B63F600D5880A /* Info.plist */ = {isa = PBXFileReference; lastKnownFileType = text.plist.xml; path = Info.plist; sourceTree = "<group>"; };
		26F367861B8B63F600D5880A /* AppDelegate.swift */ = {isa = PBXFileReference; lastKnownFileType = sourcecode.swift; path = AppDelegate.swift; sourceTree = "<group>"; };
		26F367891B8B63F600D5880A /* SurfLogbook.xcdatamodel */ = {isa = PBXFileReference; lastKnownFileType = wrapper.xcdatamodel; path = SurfLogbook.xcdatamodel; sourceTree = "<group>"; };
		26F3678E1B8B63F600D5880A /* Base */ = {isa = PBXFileReference; lastKnownFileType = file.storyboard; name = Base; path = Base.lproj/Main.storyboard; sourceTree = "<group>"; };
		26F367901B8B63F600D5880A /* Images.xcassets */ = {isa = PBXFileReference; lastKnownFileType = folder.assetcatalog; path = Images.xcassets; sourceTree = "<group>"; };
		26F367931B8B63F600D5880A /* Base */ = {isa = PBXFileReference; lastKnownFileType = file.xib; name = Base; path = Base.lproj/LaunchScreen.xib; sourceTree = "<group>"; };
		26F367991B8B63F600D5880A /* SurfLogbookTests.xctest */ = {isa = PBXFileReference; explicitFileType = wrapper.cfbundle; includeInIndex = 0; path = SurfLogbookTests.xctest; sourceTree = BUILT_PRODUCTS_DIR; };
		26F3679E1B8B63F600D5880A /* Info.plist */ = {isa = PBXFileReference; lastKnownFileType = text.plist.xml; path = Info.plist; sourceTree = "<group>"; };
		26F3679F1B8B63F600D5880A /* SurfLogbookTests.swift */ = {isa = PBXFileReference; lastKnownFileType = sourcecode.swift; path = SurfLogbookTests.swift; sourceTree = "<group>"; };
/* End PBXFileReference section */

/* Begin PBXFrameworksBuildPhase section */
		26F3677E1B8B63F600D5880A /* Frameworks */ = {
			isa = PBXFrameworksBuildPhase;
			buildActionMask = 2147483647;
			files = (
			);
			runOnlyForDeploymentPostprocessing = 0;
		};
		26F367961B8B63F600D5880A /* Frameworks */ = {
			isa = PBXFrameworksBuildPhase;
			buildActionMask = 2147483647;
			files = (
			);
			runOnlyForDeploymentPostprocessing = 0;
		};
/* End PBXFrameworksBuildPhase section */

/* Begin PBXGroup section */
		26F367781B8B63F600D5880A = {
			isa = PBXGroup;
			children = (
				26F367831B8B63F600D5880A /* SurfLogbook */,
				26F3679C1B8B63F600D5880A /* SurfLogbookTests */,
				26F367821B8B63F600D5880A /* Products */,
			);
			sourceTree = "<group>";
		};
		26F367821B8B63F600D5880A /* Products */ = {
			isa = PBXGroup;
			children = (
				26F367811B8B63F600D5880A /* SurfLogbook.app */,
				26F367991B8B63F600D5880A /* SurfLogbookTests.xctest */,
			);
			name = Products;
			sourceTree = "<group>";
		};
		26F367831B8B63F600D5880A /* SurfLogbook */ = {
			isa = PBXGroup;
			children = (
				26F367861B8B63F600D5880A /* AppDelegate.swift */,
				26F3678D1B8B63F600D5880A /* Main.storyboard */,
				26F367901B8B63F600D5880A /* Images.xcassets */,
				26F367921B8B63F600D5880A /* LaunchScreen.xib */,
				26F367881B8B63F600D5880A /* SurfLogbook.xcdatamodeld */,
				26F367841B8B63F600D5880A /* Supporting Files */,
				26A84C741B8BAA05004B6C20 /* vcSessionEntry.swift */,
				2670E47C1B8CD2220030CB4D /* EnumSkyConditions.swift */,
				26AB7DBD1B976E6200B51683 /* WetsuitTableViewController.swift */,
				26AB7DBF1B9772B700B51683 /* vcNewWetsuit.swift */,
				268E3FE31B9AF9C4005E8B7B /* Wetsuits.swift */,
			);
			path = SurfLogbook;
			sourceTree = "<group>";
		};
		26F367841B8B63F600D5880A /* Supporting Files */ = {
			isa = PBXGroup;
			children = (
				26F367851B8B63F600D5880A /* Info.plist */,
			);
			name = "Supporting Files";
			sourceTree = "<group>";
		};
		26F3679C1B8B63F600D5880A /* SurfLogbookTests */ = {
			isa = PBXGroup;
			children = (
				26F3679F1B8B63F600D5880A /* SurfLogbookTests.swift */,
				26F3679D1B8B63F600D5880A /* Supporting Files */,
			);
			path = SurfLogbookTests;
			sourceTree = "<group>";
		};
		26F3679D1B8B63F600D5880A /* Supporting Files */ = {
			isa = PBXGroup;
			children = (
				26F3679E1B8B63F600D5880A /* Info.plist */,
			);
			name = "Supporting Files";
			sourceTree = "<group>";
		};
/* End PBXGroup section */

/* Begin PBXNativeTarget section */
		26F367801B8B63F600D5880A /* SurfLogbook */ = {
			isa = PBXNativeTarget;
			buildConfigurationList = 26F367A31B8B63F600D5880A /* Build configuration list for PBXNativeTarget "SurfLogbook" */;
			buildPhases = (
				26F3677D1B8B63F600D5880A /* Sources */,
				26F3677E1B8B63F600D5880A /* Frameworks */,
				26F3677F1B8B63F600D5880A /* Resources */,
			);
			buildRules = (
			);
			dependencies = (
			);
			name = SurfLogbook;
			productName = SurfLogbook;
			productReference = 26F367811B8B63F600D5880A /* SurfLogbook.app */;
			productType = "com.apple.product-type.application";
		};
		26F367981B8B63F600D5880A /* SurfLogbookTests */ = {
			isa = PBXNativeTarget;
			buildConfigurationList = 26F367A61B8B63F600D5880A /* Build configuration list for PBXNativeTarget "SurfLogbookTests" */;
			buildPhases = (
				26F367951B8B63F600D5880A /* Sources */,
				26F367961B8B63F600D5880A /* Frameworks */,
				26F367971B8B63F600D5880A /* Resources */,
			);
			buildRules = (
			);
			dependencies = (
				26F3679B1B8B63F600D5880A /* PBXTargetDependency */,
			);
			name = SurfLogbookTests;
			productName = SurfLogbookTests;
			productReference = 26F367991B8B63F600D5880A /* SurfLogbookTests.xctest */;
			productType = "com.apple.product-type.bundle.unit-test";
		};
/* End PBXNativeTarget section */

/* Begin PBXProject section */
		26F367791B8B63F600D5880A /* Project object */ = {
			isa = PBXProject;
			attributes = {
				LastSwiftMigration = 0700;
				LastSwiftUpdateCheck = 0700;
				LastUpgradeCheck = 0700;
				ORGANIZATIONNAME = "W&K Druckluftanlagenbau GmbH";
				TargetAttributes = {
					26F367801B8B63F600D5880A = {
						CreatedOnToolsVersion = 6.4;
						DevelopmentTeam = 6MTBUU2X26;
					};
					26F367981B8B63F600D5880A = {
						CreatedOnToolsVersion = 6.4;
						TestTargetID = 26F367801B8B63F600D5880A;
					};
				};
			};
			buildConfigurationList = 26F3677C1B8B63F600D5880A /* Build configuration list for PBXProject "SurfLogbook" */;
			compatibilityVersion = "Xcode 3.2";
			developmentRegion = English;
			hasScannedForEncodings = 0;
			knownRegions = (
				en,
				Base,
			);
			mainGroup = 26F367781B8B63F600D5880A;
			productRefGroup = 26F367821B8B63F600D5880A /* Products */;
			projectDirPath = "";
			projectRoot = "";
			targets = (
				26F367801B8B63F600D5880A /* SurfLogbook */,
				26F367981B8B63F600D5880A /* SurfLogbookTests */,
			);
		};
/* End PBXProject section */

/* Begin PBXResourcesBuildPhase section */
		26F3677F1B8B63F600D5880A /* Resources */ = {
			isa = PBXResourcesBuildPhase;
			buildActionMask = 2147483647;
			files = (
				26F3678F1B8B63F600D5880A /* Main.storyboard in Resources */,
				26F367941B8B63F600D5880A /* LaunchScreen.xib in Resources */,
				26F367911B8B63F600D5880A /* Images.xcassets in Resources */,
			);
			runOnlyForDeploymentPostprocessing = 0;
		};
		26F367971B8B63F600D5880A /* Resources */ = {
			isa = PBXResourcesBuildPhase;
			buildActionMask = 2147483647;
			files = (
			);
			runOnlyForDeploymentPostprocessing = 0;
		};
/* End PBXResourcesBuildPhase section */

/* Begin PBXSourcesBuildPhase section */
		26F3677D1B8B63F600D5880A /* Sources */ = {
			isa = PBXSourcesBuildPhase;
			buildActionMask = 2147483647;
			files = (
				268E3FE41B9AF9C4005E8B7B /* Wetsuits.swift in Sources */,
				2670E47D1B8CD2220030CB4D /* EnumSkyConditions.swift in Sources */,
				26AB7DC01B9772B700B51683 /* vcNewWetsuit.swift in Sources */,
				26AB7DBE1B976E6200B51683 /* WetsuitTableViewController.swift in Sources */,
				26F367871B8B63F600D5880A /* AppDelegate.swift in Sources */,
				26F3678A1B8B63F600D5880A /* SurfLogbook.xcdatamodeld in Sources */,
				26A84C751B8BAA05004B6C20 /* vcSessionEntry.swift in Sources */,
			);
			runOnlyForDeploymentPostprocessing = 0;
		};
		26F367951B8B63F600D5880A /* Sources */ = {
			isa = PBXSourcesBuildPhase;
			buildActionMask = 2147483647;
			files = (
				26F367A01B8B63F600D5880A /* SurfLogbookTests.swift in Sources */,
			);
			runOnlyForDeploymentPostprocessing = 0;
		};
/* End PBXSourcesBuildPhase section */

/* Begin PBXTargetDependency section */
		26F3679B1B8B63F600D5880A /* PBXTargetDependency */ = {
			isa = PBXTargetDependency;
			target = 26F367801B8B63F600D5880A /* SurfLogbook */;
			targetProxy = 26F3679A1B8B63F600D5880A /* PBXContainerItemProxy */;
		};
/* End PBXTargetDependency section */

/* Begin PBXVariantGroup section */
		26F3678D1B8B63F600D5880A /* Main.storyboard */ = {
			isa = PBXVariantGroup;
			children = (
				26F3678E1B8B63F600D5880A /* Base */,
			);
			name = Main.storyboard;
			sourceTree = "<group>";
		};
		26F367921B8B63F600D5880A /* LaunchScreen.xib */ = {
			isa = PBXVariantGroup;
			children = (
				26F367931B8B63F600D5880A /* Base */,
			);
			name = LaunchScreen.xib;
			sourceTree = "<group>";
		};
/* End PBXVariantGroup section */

/* Begin XCBuildConfiguration section */
		26F367A11B8B63F600D5880A /* Debug */ = {
			isa = XCBuildConfiguration;
			buildSettings = {
				ALWAYS_SEARCH_USER_PATHS = NO;
				CLANG_CXX_LANGUAGE_STANDARD = "gnu++0x";
				CLANG_CXX_LIBRARY = "libc++";
				CLANG_ENABLE_MODULES = YES;
				CLANG_ENABLE_OBJC_ARC = YES;
				CLANG_WARN_BOOL_CONVERSION = YES;
				CLANG_WARN_CONSTANT_CONVERSION = YES;
				CLANG_WARN_DIRECT_OBJC_ISA_USAGE = YES_ERROR;
				CLANG_WARN_EMPTY_BODY = YES;
				CLANG_WARN_ENUM_CONVERSION = YES;
				CLANG_WARN_INT_CONVERSION = YES;
				CLANG_WARN_OBJC_ROOT_CLASS = YES_ERROR;
				CLANG_WARN_UNREACHABLE_CODE = YES;
				CLANG_WARN__DUPLICATE_METHOD_MATCH = YES;
				"CODE_SIGN_IDENTITY[sdk=iphoneos*]" = "iPhone Developer";
				COPY_PHASE_STRIP = NO;
				DEBUG_INFORMATION_FORMAT = "dwarf-with-dsym";
				ENABLE_STRICT_OBJC_MSGSEND = YES;
				ENABLE_TESTABILITY = YES;
				GCC_C_LANGUAGE_STANDARD = gnu99;
				GCC_DYNAMIC_NO_PIC = NO;
				GCC_NO_COMMON_BLOCKS = YES;
				GCC_OPTIMIZATION_LEVEL = 0;
				GCC_PREPROCESSOR_DEFINITIONS = (
					"DEBUG=1",
					"$(inherited)",
				);
				GCC_SYMBOLS_PRIVATE_EXTERN = NO;
				GCC_WARN_64_TO_32_BIT_CONVERSION = YES;
				GCC_WARN_ABOUT_RETURN_TYPE = YES_ERROR;
				GCC_WARN_UNDECLARED_SELECTOR = YES;
				GCC_WARN_UNINITIALIZED_AUTOS = YES_AGGRESSIVE;
				GCC_WARN_UNUSED_FUNCTION = YES;
				GCC_WARN_UNUSED_VARIABLE = YES;
				IPHONEOS_DEPLOYMENT_TARGET = 8.4;
				MTL_ENABLE_DEBUG_INFO = YES;
				ONLY_ACTIVE_ARCH = YES;
				SDKROOT = iphoneos;
				SWIFT_OPTIMIZATION_LEVEL = "-Onone";
			};
			name = Debug;
		};
		26F367A21B8B63F600D5880A /* Release */ = {
			isa = XCBuildConfiguration;
			buildSettings = {
				ALWAYS_SEARCH_USER_PATHS = NO;
				CLANG_CXX_LANGUAGE_STANDARD = "gnu++0x";
				CLANG_CXX_LIBRARY = "libc++";
				CLANG_ENABLE_MODULES = YES;
				CLANG_ENABLE_OBJC_ARC = YES;
				CLANG_WARN_BOOL_CONVERSION = YES;
				CLANG_WARN_CONSTANT_CONVERSION = YES;
				CLANG_WARN_DIRECT_OBJC_ISA_USAGE = YES_ERROR;
				CLANG_WARN_EMPTY_BODY = YES;
				CLANG_WARN_ENUM_CONVERSION = YES;
				CLANG_WARN_INT_CONVERSION = YES;
				CLANG_WARN_OBJC_ROOT_CLASS = YES_ERROR;
				CLANG_WARN_UNREACHABLE_CODE = YES;
				CLANG_WARN__DUPLICATE_METHOD_MATCH = YES;
				"CODE_SIGN_IDENTITY[sdk=iphoneos*]" = "iPhone Developer";
				COPY_PHASE_STRIP = NO;
				DEBUG_INFORMATION_FORMAT = "dwarf-with-dsym";
				ENABLE_NS_ASSERTIONS = NO;
				ENABLE_STRICT_OBJC_MSGSEND = YES;
				GCC_C_LANGUAGE_STANDARD = gnu99;
				GCC_NO_COMMON_BLOCKS = YES;
				GCC_WARN_64_TO_32_BIT_CONVERSION = YES;
				GCC_WARN_ABOUT_RETURN_TYPE = YES_ERROR;
				GCC_WARN_UNDECLARED_SELECTOR = YES;
				GCC_WARN_UNINITIALIZED_AUTOS = YES_AGGRESSIVE;
				GCC_WARN_UNUSED_FUNCTION = YES;
				GCC_WARN_UNUSED_VARIABLE = YES;
				IPHONEOS_DEPLOYMENT_TARGET = 8.4;
				MTL_ENABLE_DEBUG_INFO = NO;
				SDKROOT = iphoneos;
				VALIDATE_PRODUCT = YES;
			};
			name = Release;
		};
		26F367A41B8B63F600D5880A /* Debug */ = {
			isa = XCBuildConfiguration;
			buildSettings = {
				ASSETCATALOG_COMPILER_APPICON_NAME = AppIcon;
				CODE_SIGN_IDENTITY = "iPhone Developer";
				"CODE_SIGN_IDENTITY[sdk=iphoneos*]" = "iPhone Developer";
				INFOPLIST_FILE = SurfLogbook/Info.plist;
				LD_RUNPATH_SEARCH_PATHS = "$(inherited) @executable_path/Frameworks";
				PRODUCT_BUNDLE_IDENTIFIER = "com.wk.$(PRODUCT_NAME:rfc1034identifier)";
				PRODUCT_NAME = "$(TARGET_NAME)";
				PROVISIONING_PROFILE = "";
			};
			name = Debug;
		};
		26F367A51B8B63F600D5880A /* Release */ = {
			isa = XCBuildConfiguration;
			buildSettings = {
				ASSETCATALOG_COMPILER_APPICON_NAME = AppIcon;
				CODE_SIGN_IDENTITY = "iPhone Developer";
				"CODE_SIGN_IDENTITY[sdk=iphoneos*]" = "iPhone Developer";
				INFOPLIST_FILE = SurfLogbook/Info.plist;
				LD_RUNPATH_SEARCH_PATHS = "$(inherited) @executable_path/Frameworks";
				PRODUCT_BUNDLE_IDENTIFIER = "com.wk.$(PRODUCT_NAME:rfc1034identifier)";
				PRODUCT_NAME = "$(TARGET_NAME)";
				PROVISIONING_PROFILE = "";
			};
			name = Release;
		};
		26F367A71B8B63F600D5880A /* Debug */ = {
			isa = XCBuildConfiguration;
			buildSettings = {
				BUNDLE_LOADER = "$(TEST_HOST)";
				FRAMEWORK_SEARCH_PATHS = (
					"$(SDKROOT)/Developer/Library/Frameworks",
					"$(inherited)",
				);
				GCC_PREPROCESSOR_DEFINITIONS = (
					"DEBUG=1",
					"$(inherited)",
				);
				INFOPLIST_FILE = SurfLogbookTests/Info.plist;
				LD_RUNPATH_SEARCH_PATHS = "$(inherited) @executable_path/Frameworks @loader_path/Frameworks";
				PRODUCT_BUNDLE_IDENTIFIER = "com.wk.$(PRODUCT_NAME:rfc1034identifier)";
				PRODUCT_NAME = "$(TARGET_NAME)";
				TEST_HOST = "$(BUILT_PRODUCTS_DIR)/SurfLogbook.app/SurfLogbook";
			};
			name = Debug;
		};
		26F367A81B8B63F600D5880A /* Release */ = {
			isa = XCBuildConfiguration;
			buildSettings = {
				BUNDLE_LOADER = "$(TEST_HOST)";
				FRAMEWORK_SEARCH_PATHS = (
					"$(SDKROOT)/Developer/Library/Frameworks",
					"$(inherited)",
				);
				INFOPLIST_FILE = SurfLogbookTests/Info.plist;
				LD_RUNPATH_SEARCH_PATHS = "$(inherited) @executable_path/Frameworks @loader_path/Frameworks";
				PRODUCT_BUNDLE_IDENTIFIER = "com.wk.$(PRODUCT_NAME:rfc1034identifier)";
				PRODUCT_NAME = "$(TARGET_NAME)";
				TEST_HOST = "$(BUILT_PRODUCTS_DIR)/SurfLogbook.app/SurfLogbook";
			};
			name = Release;
		};
/* End XCBuildConfiguration section */

/* Begin XCConfigurationList section */
		26F3677C1B8B63F600D5880A /* Build configuration list for PBXProject "SurfLogbook" */ = {
			isa = XCConfigurationList;
			buildConfigurations = (
				26F367A11B8B63F600D5880A /* Debug */,
				26F367A21B8B63F600D5880A /* Release */,
			);
			defaultConfigurationIsVisible = 0;
			defaultConfigurationName = Release;
		};
		26F367A31B8B63F600D5880A /* Build configuration list for PBXNativeTarget "SurfLogbook" */ = {
			isa = XCConfigurationList;
			buildConfigurations = (
				26F367A41B8B63F600D5880A /* Debug */,
				26F367A51B8B63F600D5880A /* Release */,
			);
			defaultConfigurationIsVisible = 0;
			defaultConfigurationName = Release;
		};
		26F367A61B8B63F600D5880A /* Build configuration list for PBXNativeTarget "SurfLogbookTests" */ = {
			isa = XCConfigurationList;
			buildConfigurations = (
				26F367A71B8B63F600D5880A /* Debug */,
				26F367A81B8B63F600D5880A /* Release */,
			);
			defaultConfigurationIsVisible = 0;
			defaultConfigurationName = Release;
		};
/* End XCConfigurationList section */

/* Begin XCVersionGroup section */
		26F367881B8B63F600D5880A /* SurfLogbook.xcdatamodeld */ = {
			isa = XCVersionGroup;
			children = (
				26F367891B8B63F600D5880A /* SurfLogbook.xcdatamodel */,
			);
			currentVersion = 26F367891B8B63F600D5880A /* SurfLogbook.xcdatamodel */;
			path = SurfLogbook.xcdatamodeld;
			sourceTree = "<group>";
			versionGroupType = wrapper.xcdatamodel;
		};
/* End XCVersionGroup section */
	};
	rootObject = 26F367791B8B63F600D5880A /* Project object */;
}
